
Microsoft Visual Studio Solution File, Format Version 12.00
Project("{FAE04EC0-301F-11D3-BF4B-00C04F79EFBC}") = "AutocadPluginTemplate", "AutocadPluginTemplate\AutocadPluginTemplate.csproj", "{3BB80640-FB28-4217-A4C1-2E3564340107}"
EndProject
Global
	GlobalSection(SolutionConfigurationPlatforms) = preSolution
		Debug|Any CPU = Debug|Any CPU
		Release|Any CPU = Release|Any CPU
	EndGlobalSection
	GlobalSection(ProjectConfigurationPlatforms) = postSolution
		{3BB80640-FB28-4217-A4C1-2E3564340107}.Debug|Any CPU.ActiveCfg = Debug|Any CPU
		{3BB80640-FB28-4217-A4C1-2E3564340107}.Debug|Any CPU.Build.0 = Debug|Any CPU
		{3BB80640-FB28-4217-A4C1-2E3564340107}.Release|Any CPU.ActiveCfg = Release|Any CPU
		{3BB80640-FB28-4217-A4C1-2E3564340107}.Release|Any CPU.Build.0 = Release|Any CPU
	EndGlobalSection
EndGlobal
